// !$*UTF8*$!
{
	archiveVersion = 1;
	classes = {
	};
	objectVersion = 56;
	objects = {

/* Begin PBXBuildFile section */
		6A90E4762C54D375001943D9 /* MovieDatabaseAppApp.swift in Sources */ = {isa = PBXBuildFile; fileRef = 6A90E4752C54D375001943D9 /* MovieDatabaseAppApp.swift */; };
		6A90E4782C54D375001943D9 /* ContentView.swift in Sources */ = {isa = PBXBuildFile; fileRef = 6A90E4772C54D375001943D9 /* ContentView.swift */; };
		6A90E47A2C54D377001943D9 /* Assets.xcassets in Resources */ = {isa = PBXBuildFile; fileRef = 6A90E4792C54D377001943D9 /* Assets.xcassets */; };
		6A90E47D2C54D377001943D9 /* Preview Assets.xcassets in Resources */ = {isa = PBXBuildFile; fileRef = 6A90E47C2C54D377001943D9 /* Preview Assets.xcassets */; };
		6A90E4842C54D39E001943D9 /* movies.json in Resources */ = {isa = PBXBuildFile; fileRef = 6A90E4832C54D39E001943D9 /* movies.json */; };
		6A90E4862C54D43A001943D9 /* Movie.swift in Sources */ = {isa = PBXBuildFile; fileRef = 6A90E4852C54D43A001943D9 /* Movie.swift */; };
		6A90E4882C54D4DD001943D9 /* MoviesListView.swift in Sources */ = {isa = PBXBuildFile; fileRef = 6A90E4872C54D4DD001943D9 /* MoviesListView.swift */; };
		6ABB6E312C5536D70002C725 /* Home.swift in Sources */ = {isa = PBXBuildFile; fileRef = 6ABB6E302C5536D70002C725 /* Home.swift */; };
		6ABB6E332C55439E0002C725 /* SearchBar.swift in Sources */ = {isa = PBXBuildFile; fileRef = 6ABB6E322C55439E0002C725 /* SearchBar.swift */; };
		6ABB6E352C5543C00002C725 /* MovieCell.swift in Sources */ = {isa = PBXBuildFile; fileRef = 6ABB6E342C5543C00002C725 /* MovieCell.swift */; };
		6ABB6E372C5545D90002C725 /* MovieDetailView.swift in Sources */ = {isa = PBXBuildFile; fileRef = 6ABB6E362C5545D90002C725 /* MovieDetailView.swift */; };
		6ABB6E392C5546090002C725 /* RatingControl.swift in Sources */ = {isa = PBXBuildFile; fileRef = 6ABB6E382C5546090002C725 /* RatingControl.swift */; };
		6ABB6E3B2C5567BD0002C725 /* CollapsibleSection.swift in Sources */ = {isa = PBXBuildFile; fileRef = 6ABB6E3A2C5567BD0002C725 /* CollapsibleSection.swift */; };
		6ABB6E3D2C5567DB0002C725 /* SubCollapsibleSection.swift in Sources */ = {isa = PBXBuildFile; fileRef = 6ABB6E3C2C5567DB0002C725 /* SubCollapsibleSection.swift */; };
/* End PBXBuildFile section */

/* Begin PBXFileReference section */
		6A90E4722C54D375001943D9 /* MovieDatabaseApp.app */ = {isa = PBXFileReference; explicitFileType = wrapper.application; includeInIndex = 0; path = MovieDatabaseApp.app; sourceTree = BUILT_PRODUCTS_DIR; };
		6A90E4752C54D375001943D9 /* MovieDatabaseAppApp.swift */ = {isa = PBXFileReference; lastKnownFileType = sourcecode.swift; path = MovieDatabaseAppApp.swift; sourceTree = "<group>"; };
		6A90E4772C54D375001943D9 /* ContentView.swift */ = {isa = PBXFileReference; lastKnownFileType = sourcecode.swift; path = ContentView.swift; sourceTree = "<group>"; };
		6A90E4792C54D377001943D9 /* Assets.xcassets */ = {isa = PBXFileReference; lastKnownFileType = folder.assetcatalog; path = Assets.xcassets; sourceTree = "<group>"; };
		6A90E47C2C54D377001943D9 /* Preview Assets.xcassets */ = {isa = PBXFileReference; lastKnownFileType = folder.assetcatalog; path = "Preview Assets.xcassets"; sourceTree = "<group>"; };
		6A90E4832C54D39E001943D9 /* movies.json */ = {isa = PBXFileReference; fileEncoding = 4; lastKnownFileType = text.json; path = movies.json; sourceTree = "<group>"; };
		6A90E4852C54D43A001943D9 /* Movie.swift */ = {isa = PBXFileReference; lastKnownFileType = sourcecode.swift; path = Movie.swift; sourceTree = "<group>"; };
		6A90E4872C54D4DD001943D9 /* MoviesListView.swift */ = {isa = PBXFileReference; lastKnownFileType = sourcecode.swift; path = MoviesListView.swift; sourceTree = "<group>"; };
		6ABB6E302C5536D70002C725 /* Home.swift */ = {isa = PBXFileReference; lastKnownFileType = sourcecode.swift; path = Home.swift; sourceTree = "<group>"; };
		6ABB6E322C55439E0002C725 /* SearchBar.swift */ = {isa = PBXFileReference; lastKnownFileType = sourcecode.swift; path = SearchBar.swift; sourceTree = "<group>"; };
		6ABB6E342C5543C00002C725 /* MovieCell.swift */ = {isa = PBXFileReference; lastKnownFileType = sourcecode.swift; path = MovieCell.swift; sourceTree = "<group>"; };
		6ABB6E362C5545D90002C725 /* MovieDetailView.swift */ = {isa = PBXFileReference; lastKnownFileType = sourcecode.swift; path = MovieDetailView.swift; sourceTree = "<group>"; };
		6ABB6E382C5546090002C725 /* RatingControl.swift */ = {isa = PBXFileReference; lastKnownFileType = sourcecode.swift; path = RatingControl.swift; sourceTree = "<group>"; };
		6ABB6E3A2C5567BD0002C725 /* CollapsibleSection.swift */ = {isa = PBXFileReference; lastKnownFileType = sourcecode.swift; path = CollapsibleSection.swift; sourceTree = "<group>"; };
		6ABB6E3C2C5567DB0002C725 /* SubCollapsibleSection.swift */ = {isa = PBXFileReference; lastKnownFileType = sourcecode.swift; path = SubCollapsibleSection.swift; sourceTree = "<group>"; };
/* End PBXFileReference section */

/* Begin PBXFrameworksBuildPhase section */
		6A90E46F2C54D375001943D9 /* Frameworks */ = {
			isa = PBXFrameworksBuildPhase;
			buildActionMask = 2147483647;
			files = (
			);
			runOnlyForDeploymentPostprocessing = 0;
		};
/* End PBXFrameworksBuildPhase section */

/* Begin PBXGroup section */
		6A90E4692C54D375001943D9 = {
			isa = PBXGroup;
			children = (
				6A90E4742C54D375001943D9 /* MovieDatabaseApp */,
				6A90E4732C54D375001943D9 /* Products */,
			);
			sourceTree = "<group>";
		};
		6A90E4732C54D375001943D9 /* Products */ = {
			isa = PBXGroup;
			children = (
				6A90E4722C54D375001943D9 /* MovieDatabaseApp.app */,
			);
			name = Products;
			sourceTree = "<group>";
		};
		6A90E4742C54D375001943D9 /* MovieDatabaseApp */ = {
			isa = PBXGroup;
			children = (
				6A90E4752C54D375001943D9 /* MovieDatabaseAppApp.swift */,
				6A90E4772C54D375001943D9 /* ContentView.swift */,
				6A90E4832C54D39E001943D9 /* movies.json */,
				6A90E4852C54D43A001943D9 /* Movie.swift */,
				6A90E4872C54D4DD001943D9 /* MoviesListView.swift */,
				6ABB6E3A2C5567BD0002C725 /* CollapsibleSection.swift */,
				6ABB6E3C2C5567DB0002C725 /* SubCollapsibleSection.swift */,
				6ABB6E322C55439E0002C725 /* SearchBar.swift */,
				6ABB6E342C5543C00002C725 /* MovieCell.swift */,
				6A90E4792C54D377001943D9 /* Assets.xcassets */,
				6A90E47B2C54D377001943D9 /* Preview Content */,
				6ABB6E302C5536D70002C725 /* Home.swift */,
				6ABB6E362C5545D90002C725 /* MovieDetailView.swift */,
				6ABB6E382C5546090002C725 /* RatingControl.swift */,
			);
			path = MovieDatabaseApp;
			sourceTree = "<group>";
		};
		6A90E47B2C54D377001943D9 /* Preview Content */ = {
			isa = PBXGroup;
			children = (
				6A90E47C2C54D377001943D9 /* Preview Assets.xcassets */,
			);
			path = "Preview Content";
			sourceTree = "<group>";
		};
/* End PBXGroup section */

/* Begin PBXNativeTarget section */
		6A90E4712C54D375001943D9 /* MovieDatabaseApp */ = {
			isa = PBXNativeTarget;
			buildConfigurationList = 6A90E4802C54D377001943D9 /* Build configuration list for PBXNativeTarget "MovieDatabaseApp" */;
			buildPhases = (
				6A90E46E2C54D375001943D9 /* Sources */,
				6A90E46F2C54D375001943D9 /* Frameworks */,
				6A90E4702C54D375001943D9 /* Resources */,
			);
			buildRules = (
			);
			dependencies = (
			);
			name = MovieDatabaseApp;
			productName = MovieDatabaseApp;
			productReference = 6A90E4722C54D375001943D9 /* MovieDatabaseApp.app */;
			productType = "com.apple.product-type.application";
		};
/* End PBXNativeTarget section */

/* Begin PBXProject section */
		6A90E46A2C54D375001943D9 /* Project object */ = {
			isa = PBXProject;
			attributes = {
				BuildIndependentTargetsInParallel = 1;
				LastSwiftUpdateCheck = 1500;
				LastUpgradeCheck = 1500;
				TargetAttributes = {
					6A90E4712C54D375001943D9 = {
						CreatedOnToolsVersion = 15.0.1;
					};
				};
			};
			buildConfigurationList = 6A90E46D2C54D375001943D9 /* Build configuration list for PBXProject "MovieDatabaseApp" */;
			compatibilityVersion = "Xcode 14.0";
			developmentRegion = en;
			hasScannedForEncodings = 0;
			knownRegions = (
				en,
				Base,
			);
			mainGroup = 6A90E4692C54D375001943D9;
			productRefGroup = 6A90E4732C54D375001943D9 /* Products */;
			projectDirPath = "";
			projectRoot = "";
			targets = (
				6A90E4712C54D375001943D9 /* MovieDatabaseApp */,
			);
		};
/* End PBXProject section */

/* Begin PBXResourcesBuildPhase section */
		6A90E4702C54D375001943D9 /* Resources */ = {
			isa = PBXResourcesBuildPhase;
			buildActionMask = 2147483647;
			files = (
				6A90E4842C54D39E001943D9 /* movies.json in Resources */,
				6A90E47D2C54D377001943D9 /* Preview Assets.xcassets in Resources */,
				6A90E47A2C54D377001943D9 /* Assets.xcassets in Resources */,
			);
			runOnlyForDeploymentPostprocessing = 0;
		};
/* End PBXResourcesBuildPhase section */

/* Begin PBXSourcesBuildPhase section */
		6A90E46E2C54D375001943D9 /* Sources */ = {
			isa = PBXSourcesBuildPhase;
			buildActionMask = 2147483647;
			files = (
				6ABB6E352C5543C00002C725 /* MovieCell.swift in Sources */,
				6ABB6E3D2C5567DB0002C725 /* SubCollapsibleSection.swift in Sources */,
				6A90E4782C54D375001943D9 /* ContentView.swift in Sources */,
				6A90E4882C54D4DD001943D9 /* MoviesListView.swift in Sources */,
				6ABB6E312C5536D70002C725 /* Home.swift in Sources */,
				6ABB6E392C5546090002C725 /* RatingControl.swift in Sources */,
				6A90E4762C54D375001943D9 /* MovieDatabaseAppApp.swift in Sources */,
				6A90E4862C54D43A001943D9 /* Movie.swift in Sources */,
				6ABB6E372C5545D90002C725 /* MovieDetailView.swift in Sources */,
				6ABB6E3B2C5567BD0002C725 /* CollapsibleSection.swift in Sources */,
				6ABB6E332C55439E0002C725 /* SearchBar.swift in Sources */,
			);
			runOnlyForDeploymentPostprocessing = 0;
		};
/* End PBXSourcesBuildPhase section */

/* Begin XCBuildConfiguration section */
		6A90E47E2C54D377001943D9 /* Debug */ = {
			isa = XCBuildConfiguration;
			buildSettings = {
				ALWAYS_SEARCH_USER_PATHS = NO;
				ASSETCATALOG_COMPILER_GENERATE_SWIFT_ASSET_SYMBOL_EXTENSIONS = YES;
				CLANG_ANALYZER_NONNULL = YES;
				CLANG_ANALYZER_NUMBER_OBJECT_CONVERSION = YES_AGGRESSIVE;
				CLANG_CXX_LANGUAGE_STANDARD = "gnu++20";
				CLANG_ENABLE_MODULES = YES;
				CLANG_ENABLE_OBJC_ARC = YES;
				CLANG_ENABLE_OBJC_WEAK = YES;
				CLANG_WARN_BLOCK_CAPTURE_AUTORELEASING = YES;
				CLANG_WARN_BOOL_CONVERSION = YES;
				CLANG_WARN_COMMA = YES;
				CLANG_WARN_CONSTANT_CONVERSION = YES;
				CLANG_WARN_DEPRECATED_OBJC_IMPLEMENTATIONS = YES;
				CLANG_WARN_DIRECT_OBJC_ISA_USAGE = YES_ERROR;
				CLANG_WARN_DOCUMENTATION_COMMENTS = YES;
				CLANG_WARN_EMPTY_BODY = YES;
				CLANG_WARN_ENUM_CONVERSION = YES;
				CLANG_WARN_INFINITE_RECURSION = YES;
				CLANG_WARN_INT_CONVERSION = YES;
				CLANG_WARN_NON_LITERAL_NULL_CONVERSION = YES;
				CLANG_WARN_OBJC_IMPLICIT_RETAIN_SELF = YES;
				CLANG_WARN_OBJC_LITERAL_CONVERSION = YES;
				CLANG_WARN_OBJC_ROOT_CLASS = YES_ERROR;
				CLANG_WARN_QUOTED_INCLUDE_IN_FRAMEWORK_HEADER = YES;
				CLANG_WARN_RANGE_LOOP_ANALYSIS = YES;
				CLANG_WARN_STRICT_PROTOTYPES = YES;
				CLANG_WARN_SUSPICIOUS_MOVE = YES;
				CLANG_WARN_UNGUARDED_AVAILABILITY = YES_AGGRESSIVE;
				CLANG_WARN_UNREACHABLE_CODE = YES;
				CLANG_WARN__DUPLICATE_METHOD_MATCH = YES;
				COPY_PHASE_STRIP = NO;
				DEBUG_INFORMATION_FORMAT = dwarf;
				ENABLE_STRICT_OBJC_MSGSEND = YES;
				ENABLE_TESTABILITY = YES;
				ENABLE_USER_SCRIPT_SANDBOXING = YES;
				GCC_C_LANGUAGE_STANDARD = gnu17;
				GCC_DYNAMIC_NO_PIC = NO;
				GCC_NO_COMMON_BLOCKS = YES;
				GCC_OPTIMIZATION_LEVEL = 0;
				GCC_PREPROCESSOR_DEFINITIONS = (
					"DEBUG=1",
					"$(inherited)",
				);
				GCC_WARN_64_TO_32_BIT_CONVERSION = YES;
				GCC_WARN_ABOUT_RETURN_TYPE = YES_ERROR;
				GCC_WARN_UNDECLARED_SELECTOR = YES;
				GCC_WARN_UNINITIALIZED_AUTOS = YES_AGGRESSIVE;
				GCC_WARN_UNUSED_FUNCTION = YES;
				GCC_WARN_UNUSED_VARIABLE = YES;
				IPHONEOS_DEPLOYMENT_TARGET = 17.0;
				LOCALIZATION_PREFERS_STRING_CATALOGS = YES;
				MTL_ENABLE_DEBUG_INFO = INCLUDE_SOURCE;
				MTL_FAST_MATH = YES;
				ONLY_ACTIVE_ARCH = YES;
				SDKROOT = iphoneos;
				SWIFT_ACTIVE_COMPILATION_CONDITIONS = "DEBUG $(inherited)";
				SWIFT_OPTIMIZATION_LEVEL = "-Onone";
			};
			name = Debug;
		};
		6A90E47F2C54D377001943D9 /* Release */ = {
			isa = XCBuildConfiguration;
			buildSettings = {
				ALWAYS_SEARCH_USER_PATHS = NO;
				ASSETCATALOG_COMPILER_GENERATE_SWIFT_ASSET_SYMBOL_EXTENSIONS = YES;
				CLANG_ANALYZER_NONNULL = YES;
				CLANG_ANALYZER_NUMBER_OBJECT_CONVERSION = YES_AGGRESSIVE;
				CLANG_CXX_LANGUAGE_STANDARD = "gnu++20";
				CLANG_ENABLE_MODULES = YES;
				CLANG_ENABLE_OBJC_ARC = YES;
				CLANG_ENABLE_OBJC_WEAK = YES;
				CLANG_WARN_BLOCK_CAPTURE_AUTORELEASING = YES;
				CLANG_WARN_BOOL_CONVERSION = YES;
				CLANG_WARN_COMMA = YES;
				CLANG_WARN_CONSTANT_CONVERSION = YES;
				CLANG_WARN_DEPRECATED_OBJC_IMPLEMENTATIONS = YES;
				CLANG_WARN_DIRECT_OBJC_ISA_USAGE = YES_ERROR;
				CLANG_WARN_DOCUMENTATION_COMMENTS = YES;
				CLANG_WARN_EMPTY_BODY = YES;
				CLANG_WARN_ENUM_CONVERSION = YES;
				CLANG_WARN_INFINITE_RECURSION = YES;
				CLANG_WARN_INT_CONVERSION = YES;
				CLANG_WARN_NON_LITERAL_NULL_CONVERSION = YES;
				CLANG_WARN_OBJC_IMPLICIT_RETAIN_SELF = YES;
				CLANG_WARN_OBJC_LITERAL_CONVERSION = YES;
				CLANG_WARN_OBJC_ROOT_CLASS = YES_ERROR;
				CLANG_WARN_QUOTED_INCLUDE_IN_FRAMEWORK_HEADER = YES;
				CLANG_WARN_RANGE_LOOP_ANALYSIS = YES;
				CLANG_WARN_STRICT_PROTOTYPES = YES;
				CLANG_WARN_SUSPICIOUS_MOVE = YES;
				CLANG_WARN_UNGUARDED_AVAILABILITY = YES_AGGRESSIVE;
				CLANG_WARN_UNREACHABLE_CODE = YES;
				CLANG_WARN__DUPLICATE_METHOD_MATCH = YES;
				COPY_PHASE_STRIP = NO;
				DEBUG_INFORMATION_FORMAT = "dwarf-with-dsym";
				ENABLE_NS_ASSERTIONS = NO;
				ENABLE_STRICT_OBJC_MSGSEND = YES;
				ENABLE_USER_SCRIPT_SANDBOXING = YES;
				GCC_C_LANGUAGE_STANDARD = gnu17;
				GCC_NO_COMMON_BLOCKS = YES;
				GCC_WARN_64_TO_32_BIT_CONVERSION = YES;
				GCC_WARN_ABOUT_RETURN_TYPE = YES_ERROR;
				GCC_WARN_UNDECLARED_SELECTOR = YES;
				GCC_WARN_UNINITIALIZED_AUTOS = YES_AGGRESSIVE;
				GCC_WARN_UNUSED_FUNCTION = YES;
				GCC_WARN_UNUSED_VARIABLE = YES;
				IPHONEOS_DEPLOYMENT_TARGET = 17.0;
				LOCALIZATION_PREFERS_STRING_CATALOGS = YES;
				MTL_ENABLE_DEBUG_INFO = NO;
				MTL_FAST_MATH = YES;
				SDKROOT = iphoneos;
				SWIFT_COMPILATION_MODE = wholemodule;
				VALIDATE_PRODUCT = YES;
			};
			name = Release;
		};
		6A90E4812C54D377001943D9 /* Debug */ = {
			isa = XCBuildConfiguration;
			buildSettings = {
				ASSETCATALOG_COMPILER_APPICON_NAME = AppIcon;
				ASSETCATALOG_COMPILER_GLOBAL_ACCENT_COLOR_NAME = AccentColor;
				CODE_SIGN_STYLE = Automatic;
				CURRENT_PROJECT_VERSION = 1;
				DEVELOPMENT_ASSET_PATHS = "\"MovieDatabaseApp/Preview Content\"";
				DEVELOPMENT_TEAM = YJ4A8G74JV;
				ENABLE_PREVIEWS = YES;
				GENERATE_INFOPLIST_FILE = YES;
				INFOPLIST_KEY_UIApplicationSceneManifest_Generation = YES;
				INFOPLIST_KEY_UIApplicationSupportsIndirectInputEvents = YES;
				INFOPLIST_KEY_UILaunchScreen_Generation = YES;
				INFOPLIST_KEY_UISupportedInterfaceOrientations_iPad = "UIInterfaceOrientationPortrait UIInterfaceOrientationPortraitUpsideDown UIInterfaceOrientationLandscapeLeft UIInterfaceOrientationLandscapeRight";
				INFOPLIST_KEY_UISupportedInterfaceOrientations_iPhone = "UIInterfaceOrientationPortrait UIInterfaceOrientationLandscapeLeft UIInterfaceOrientationLandscapeRight";
				LD_RUNPATH_SEARCH_PATHS = (
					"$(inherited)",
					"@executable_path/Frameworks",
				);
				MARKETING_VERSION = 1.0;
				PRODUCT_BUNDLE_IDENTIFIER = com.ci.MovieDatabaseApp;
				PRODUCT_NAME = "$(TARGET_NAME)";
				SWIFT_EMIT_LOC_STRINGS = YES;
				SWIFT_VERSION = 5.0;
				TARGETED_DEVICE_FAMILY = "1,2";
			};
			name = Debug;
		};
		6A90E4822C54D377001943D9 /* Release */ = {
			isa = XCBuildConfiguration;
			buildSettings = {
				ASSETCATALOG_COMPILER_APPICON_NAME = AppIcon;
				ASSETCATALOG_COMPILER_GLOBAL_ACCENT_COLOR_NAME = AccentColor;
				CODE_SIGN_STYLE = Automatic;
				CURRENT_PROJECT_VERSION = 1;
				DEVELOPMENT_ASSET_PATHS = "\"MovieDatabaseApp/Preview Content\"";
				DEVELOPMENT_TEAM = YJ4A8G74JV;
				ENABLE_PREVIEWS = YES;
				GENERATE_INFOPLIST_FILE = YES;
				INFOPLIST_KEY_UIApplicationSceneManifest_Generation = YES;
				INFOPLIST_KEY_UIApplicationSupportsIndirectInputEvents = YES;
				INFOPLIST_KEY_UILaunchScreen_Generation = YES;
				INFOPLIST_KEY_UISupportedInterfaceOrientations_iPad = "UIInterfaceOrientationPortrait UIInterfaceOrientationPortraitUpsideDown UIInterfaceOrientationLandscapeLeft UIInterfaceOrientationLandscapeRight";
				INFOPLIST_KEY_UISupportedInterfaceOrientations_iPhone = "UIInterfaceOrientationPortrait UIInterfaceOrientationLandscapeLeft UIInterfaceOrientationLandscapeRight";
				LD_RUNPATH_SEARCH_PATHS = (
					"$(inherited)",
					"@executable_path/Frameworks",
				);
				MARKETING_VERSION = 1.0;
				PRODUCT_BUNDLE_IDENTIFIER = com.ci.MovieDatabaseApp;
				PRODUCT_NAME = "$(TARGET_NAME)";
				SWIFT_EMIT_LOC_STRINGS = YES;
				SWIFT_VERSION = 5.0;
				TARGETED_DEVICE_FAMILY = "1,2";
			};
			name = Release;
		};
/* End XCBuildConfiguration section */

/* Begin XCConfigurationList section */
		6A90E46D2C54D375001943D9 /* Build configuration list for PBXProject "MovieDatabaseApp" */ = {
			isa = XCConfigurationList;
			buildConfigurations = (
				6A90E47E2C54D377001943D9 /* Debug */,
				6A90E47F2C54D377001943D9 /* Release */,
			);
			defaultConfigurationIsVisible = 0;
			defaultConfigurationName = Release;
		};
		6A90E4802C54D377001943D9 /* Build configuration list for PBXNativeTarget "MovieDatabaseApp" */ = {
			isa = XCConfigurationList;
			buildConfigurations = (
				6A90E4812C54D377001943D9 /* Debug */,
				6A90E4822C54D377001943D9 /* Release */,
			);
			defaultConfigurationIsVisible = 0;
			defaultConfigurationName = Release;
		};
/* End XCConfigurationList section */
	};
	rootObject = 6A90E46A2C54D375001943D9 /* Project object */;
}
